
Microsoft Visual Studio Solution File, Format Version 12.00
# Visual Studio Version 17
VisualStudioVersion = 17.14.36705.20 d17.14
MinimumVisualStudioVersion = 10.0.40219.1
Project("{FAE04EC0-301F-11D3-BF4B-00C04F79EFBC}") = "Tetrograph.SQL", "Tetrograph.SQL.csproj", "{3DBDA1A0-57D2-1F3D-B8C2-663119423287}"
EndProject
Global
	GlobalSection(SolutionConfigurationPlatforms) = preSolution
		Debug|Any CPU = Debug|Any CPU
		Release|Any CPU = Release|Any CPU
	EndGlobalSection
	GlobalSection(ProjectConfigurationPlatforms) = postSolution
		{3DBDA1A0-57D2-1F3D-B8C2-663119423287}.Debug|Any CPU.ActiveCfg = Debug|Any CPU
		{3DBDA1A0-57D2-1F3D-B8C2-663119423287}.Debug|Any CPU.Build.0 = Debug|Any CPU
		{3DBDA1A0-57D2-1F3D-B8C2-663119423287}.Release|Any CPU.ActiveCfg = Release|Any CPU
		{3DBDA1A0-57D2-1F3D-B8C2-663119423287}.Release|Any CPU.Build.0 = Release|Any CPU
	EndGlobalSection
	GlobalSection(SolutionProperties) = preSolution
		HideSolutionNode = FALSE
	EndGlobalSection
	GlobalSection(ExtensibilityGlobals) = postSolution
		SolutionGuid = {60CC5622-F8D7-410A-BEB2-DFDA1A6EDFCE}
	EndGlobalSection
EndGlobal
